
Microsoft Visual Studio Solution File, Format Version 12.00
# Visual Studio Version 17
VisualStudioVersion = 17.3.32922.545
MinimumVisualStudioVersion = 10.0.40219.1
Project("{F184B08F-C81C-45F6-A57F-5ABD9991F28F}") = "kitchenTimer", "kitchenTimer.vbproj", "{67C07BC0-303C-47B4-9B77-1E48DD0B0770}"
EndProject
Global
	GlobalSection(SolutionConfigurationPlatforms) = preSolution
		Debug|Any CPU = Debug|Any CPU
		Release|Any CPU = Release|Any CPU
	EndGlobalSection
	GlobalSection(ProjectConfigurationPlatforms) = postSolution
		{67C07BC0-303C-47B4-9B77-1E48DD0B0770}.Debug|Any CPU.ActiveCfg = Debug|Any CPU
		{67C07BC0-303C-47B4-9B77-1E48DD0B0770}.Debug|Any CPU.Build.0 = Debug|Any CPU
		{67C07BC0-303C-47B4-9B77-1E48DD0B0770}.Release|Any CPU.ActiveCfg = Release|Any CPU
		{67C07BC0-303C-47B4-9B77-1E48DD0B0770}.Release|Any CPU.Build.0 = Release|Any CPU
	EndGlobalSection
	GlobalSection(SolutionProperties) = preSolution
		HideSolutionNode = FALSE
	EndGlobalSection
	GlobalSection(ExtensibilityGlobals) = postSolution
		SolutionGuid = {437A240D-D684-40C9-BB54-9C47E649F4DC}
	EndGlobalSection
EndGlobal
